// !$*UTF8*$!
{
	archiveVersion = 1;
	classes = {
	};
	objectVersion = 50;
	objects = {

/* Begin PBXBuildFile section */
		85272D8C2EB8F1213A7D2BBA /* Pods_Countries.framework in Frameworks */ = {isa = PBXBuildFile; fileRef = C9C829FC24FCAB58424BE562 /* Pods_Countries.framework */; };
		DA02F0BE2270BE8D007E1E3E /* AppDelegate.swift in Sources */ = {isa = PBXBuildFile; fileRef = DA02F0BD2270BE8D007E1E3E /* AppDelegate.swift */; };
		DA02F0C02270BE8D007E1E3E /* IntroViewController.swift in Sources */ = {isa = PBXBuildFile; fileRef = DA02F0BF2270BE8D007E1E3E /* IntroViewController.swift */; };
		DA02F0C52270BE8E007E1E3E /* Assets.xcassets in Resources */ = {isa = PBXBuildFile; fileRef = DA02F0C42270BE8E007E1E3E /* Assets.xcassets */; };
		DA02F0C82270BE8E007E1E3E /* LaunchScreen.storyboard in Resources */ = {isa = PBXBuildFile; fileRef = DA02F0C62270BE8E007E1E3E /* LaunchScreen.storyboard */; };
		DA02F0D32270C99C007E1E3E /* IntroPageModel.swift in Sources */ = {isa = PBXBuildFile; fileRef = DA02F0D22270C99C007E1E3E /* IntroPageModel.swift */; };
		DA02F0D52270CD54007E1E3E /* IntroPageCell.swift in Sources */ = {isa = PBXBuildFile; fileRef = DA02F0D42270CD54007E1E3E /* IntroPageCell.swift */; };
		DA02F0D722710C1D007E1E3E /* Contstants.swift in Sources */ = {isa = PBXBuildFile; fileRef = DA02F0D622710C1D007E1E3E /* Contstants.swift */; };
		DA02F0D922710C90007E1E3E /* DefaultsRepository.swift in Sources */ = {isa = PBXBuildFile; fileRef = DA02F0D822710C90007E1E3E /* DefaultsRepository.swift */; };
		DA02F0DC227110A5007E1E3E /* CountriesListViewController.swift in Sources */ = {isa = PBXBuildFile; fileRef = DA02F0DB227110A5007E1E3E /* CountriesListViewController.swift */; };
		DA02F0DF2271A402007E1E3E /* RequestsHandler.swift in Sources */ = {isa = PBXBuildFile; fileRef = DA02F0DE2271A402007E1E3E /* RequestsHandler.swift */; };
		DA02F0E22271A783007E1E3E /* Country.swift in Sources */ = {isa = PBXBuildFile; fileRef = DA02F0E12271A783007E1E3E /* Country.swift */; };
		DA02F0E42271A82A007E1E3E /* Language.swift in Sources */ = {isa = PBXBuildFile; fileRef = DA02F0E32271A82A007E1E3E /* Language.swift */; };
		DA02F0E62271A86C007E1E3E /* Currency.swift in Sources */ = {isa = PBXBuildFile; fileRef = DA02F0E52271A86C007E1E3E /* Currency.swift */; };
		DA13F1E42273029500DD4ACA /* Region.swift in Sources */ = {isa = PBXBuildFile; fileRef = DA13F1E32273029500DD4ACA /* Region.swift */; };
		DA13F1E6227335B400DD4ACA /* loader.json in Resources */ = {isa = PBXBuildFile; fileRef = DA13F1E5227335B400DD4ACA /* loader.json */; };
		DA5AC78922784291007FA544 /* CountryDetailsViewController.swift in Sources */ = {isa = PBXBuildFile; fileRef = DA5AC78822784291007FA544 /* CountryDetailsViewController.swift */; };
		DA5AC78C2278A938007FA544 /* MapViewController.swift in Sources */ = {isa = PBXBuildFile; fileRef = DA5AC78B2278A938007FA544 /* MapViewController.swift */; };
		DA7129922271CF0500AA8EF4 /* CountryCell.swift in Sources */ = {isa = PBXBuildFile; fileRef = DA7129912271CF0500AA8EF4 /* CountryCell.swift */; };
		DA7129942271F8C400AA8EF4 /* ImageLoader.swift in Sources */ = {isa = PBXBuildFile; fileRef = DA7129932271F8C400AA8EF4 /* ImageLoader.swift */; };
/* End PBXBuildFile section */

/* Begin PBXFileReference section */
		C52F60F57787DBA324317B9E /* Pods-Countries.debug.xcconfig */ = {isa = PBXFileReference; includeInIndex = 1; lastKnownFileType = text.xcconfig; name = "Pods-Countries.debug.xcconfig"; path = "Target Support Files/Pods-Countries/Pods-Countries.debug.xcconfig"; sourceTree = "<group>"; };
		C9C829FC24FCAB58424BE562 /* Pods_Countries.framework */ = {isa = PBXFileReference; explicitFileType = wrapper.framework; includeInIndex = 0; path = Pods_Countries.framework; sourceTree = BUILT_PRODUCTS_DIR; };
		DA02F0BA2270BE8D007E1E3E /* Countries.app */ = {isa = PBXFileReference; explicitFileType = wrapper.application; includeInIndex = 0; path = Countries.app; sourceTree = BUILT_PRODUCTS_DIR; };
		DA02F0BD2270BE8D007E1E3E /* AppDelegate.swift */ = {isa = PBXFileReference; lastKnownFileType = sourcecode.swift; path = AppDelegate.swift; sourceTree = "<group>"; };
		DA02F0BF2270BE8D007E1E3E /* IntroViewController.swift */ = {isa = PBXFileReference; lastKnownFileType = sourcecode.swift; path = IntroViewController.swift; sourceTree = "<group>"; };
		DA02F0C42270BE8E007E1E3E /* Assets.xcassets */ = {isa = PBXFileReference; lastKnownFileType = folder.assetcatalog; path = Assets.xcassets; sourceTree = "<group>"; };
		DA02F0C72270BE8E007E1E3E /* Base */ = {isa = PBXFileReference; lastKnownFileType = file.storyboard; name = Base; path = Base.lproj/LaunchScreen.storyboard; sourceTree = "<group>"; };
		DA02F0C92270BE8E007E1E3E /* Info.plist */ = {isa = PBXFileReference; lastKnownFileType = text.plist.xml; path = Info.plist; sourceTree = "<group>"; };
		DA02F0D22270C99C007E1E3E /* IntroPageModel.swift */ = {isa = PBXFileReference; lastKnownFileType = sourcecode.swift; path = IntroPageModel.swift; sourceTree = "<group>"; };
		DA02F0D42270CD54007E1E3E /* IntroPageCell.swift */ = {isa = PBXFileReference; lastKnownFileType = sourcecode.swift; path = IntroPageCell.swift; sourceTree = "<group>"; };
		DA02F0D622710C1D007E1E3E /* Contstants.swift */ = {isa = PBXFileReference; lastKnownFileType = sourcecode.swift; path = Contstants.swift; sourceTree = "<group>"; };
		DA02F0D822710C90007E1E3E /* DefaultsRepository.swift */ = {isa = PBXFileReference; lastKnownFileType = sourcecode.swift; path = DefaultsRepository.swift; sourceTree = "<group>"; };
		DA02F0DB227110A5007E1E3E /* CountriesListViewController.swift */ = {isa = PBXFileReference; lastKnownFileType = sourcecode.swift; path = CountriesListViewController.swift; sourceTree = "<group>"; };
		DA02F0DE2271A402007E1E3E /* RequestsHandler.swift */ = {isa = PBXFileReference; lastKnownFileType = sourcecode.swift; path = RequestsHandler.swift; sourceTree = "<group>"; };
		DA02F0E12271A783007E1E3E /* Country.swift */ = {isa = PBXFileReference; lastKnownFileType = sourcecode.swift; path = Country.swift; sourceTree = "<group>"; };
		DA02F0E32271A82A007E1E3E /* Language.swift */ = {isa = PBXFileReference; lastKnownFileType = sourcecode.swift; path = Language.swift; sourceTree = "<group>"; };
		DA02F0E52271A86C007E1E3E /* Currency.swift */ = {isa = PBXFileReference; lastKnownFileType = sourcecode.swift; path = Currency.swift; sourceTree = "<group>"; };
		DA13F1E32273029500DD4ACA /* Region.swift */ = {isa = PBXFileReference; lastKnownFileType = sourcecode.swift; path = Region.swift; sourceTree = "<group>"; };
		DA13F1E5227335B400DD4ACA /* loader.json */ = {isa = PBXFileReference; fileEncoding = 4; lastKnownFileType = text.json; path = loader.json; sourceTree = "<group>"; };
		DA5AC78822784291007FA544 /* CountryDetailsViewController.swift */ = {isa = PBXFileReference; lastKnownFileType = sourcecode.swift; path = CountryDetailsViewController.swift; sourceTree = "<group>"; };
		DA5AC78B2278A938007FA544 /* MapViewController.swift */ = {isa = PBXFileReference; lastKnownFileType = sourcecode.swift; path = MapViewController.swift; sourceTree = "<group>"; };
		DA7129912271CF0500AA8EF4 /* CountryCell.swift */ = {isa = PBXFileReference; lastKnownFileType = sourcecode.swift; path = CountryCell.swift; sourceTree = "<group>"; };
		DA7129932271F8C400AA8EF4 /* ImageLoader.swift */ = {isa = PBXFileReference; lastKnownFileType = sourcecode.swift; path = ImageLoader.swift; sourceTree = "<group>"; };
		DD3A2CE9770FB2D61D626237 /* Pods-Countries.release.xcconfig */ = {isa = PBXFileReference; includeInIndex = 1; lastKnownFileType = text.xcconfig; name = "Pods-Countries.release.xcconfig"; path = "Target Support Files/Pods-Countries/Pods-Countries.release.xcconfig"; sourceTree = "<group>"; };
/* End PBXFileReference section */

/* Begin PBXFrameworksBuildPhase section */
		DA02F0B72270BE8D007E1E3E /* Frameworks */ = {
			isa = PBXFrameworksBuildPhase;
			buildActionMask = 2147483647;
			files = (
				85272D8C2EB8F1213A7D2BBA /* Pods_Countries.framework in Frameworks */,
			);
			runOnlyForDeploymentPostprocessing = 0;
		};
/* End PBXFrameworksBuildPhase section */

/* Begin PBXGroup section */
		19375E65EB4A30DA6B09CDF1 /* Pods */ = {
			isa = PBXGroup;
			children = (
				C52F60F57787DBA324317B9E /* Pods-Countries.debug.xcconfig */,
				DD3A2CE9770FB2D61D626237 /* Pods-Countries.release.xcconfig */,
			);
			path = Pods;
			sourceTree = "<group>";
		};
		C292FEA0C0F4135D0E5B9344 /* Frameworks */ = {
			isa = PBXGroup;
			children = (
				C9C829FC24FCAB58424BE562 /* Pods_Countries.framework */,
			);
			name = Frameworks;
			sourceTree = "<group>";
		};
		DA02F0B12270BE8D007E1E3E = {
			isa = PBXGroup;
			children = (
				DA02F0BC2270BE8D007E1E3E /* Countries */,
				DA02F0BB2270BE8D007E1E3E /* Products */,
				19375E65EB4A30DA6B09CDF1 /* Pods */,
				C292FEA0C0F4135D0E5B9344 /* Frameworks */,
			);
			sourceTree = "<group>";
		};
		DA02F0BB2270BE8D007E1E3E /* Products */ = {
			isa = PBXGroup;
			children = (
				DA02F0BA2270BE8D007E1E3E /* Countries.app */,
			);
			name = Products;
			sourceTree = "<group>";
		};
		DA02F0BC2270BE8D007E1E3E /* Countries */ = {
			isa = PBXGroup;
			children = (
				DA5AC78A2278A922007FA544 /* Map */,
				DA5AC7872278427C007FA544 /* Details */,
				DA13F1E5227335B400DD4ACA /* loader.json */,
				DA02F0DD2271A3E4007E1E3E /* Networking */,
				DA02F0DA2271108F007E1E3E /* Main */,
				DA02F0CF2270C140007E1E3E /* Intro */,
				DA02F0BD2270BE8D007E1E3E /* AppDelegate.swift */,
				DA02F0C42270BE8E007E1E3E /* Assets.xcassets */,
				DA02F0C62270BE8E007E1E3E /* LaunchScreen.storyboard */,
				DA02F0C92270BE8E007E1E3E /* Info.plist */,
				DA02F0D622710C1D007E1E3E /* Contstants.swift */,
				DA02F0D822710C90007E1E3E /* DefaultsRepository.swift */,
			);
			path = Countries;
			sourceTree = "<group>";
		};
		DA02F0CF2270C140007E1E3E /* Intro */ = {
			isa = PBXGroup;
			children = (
				DA02F0BF2270BE8D007E1E3E /* IntroViewController.swift */,
				DA02F0D22270C99C007E1E3E /* IntroPageModel.swift */,
				DA02F0D42270CD54007E1E3E /* IntroPageCell.swift */,
			);
			path = Intro;
			sourceTree = "<group>";
		};
		DA02F0DA2271108F007E1E3E /* Main */ = {
			isa = PBXGroup;
			children = (
				DA02F0DB227110A5007E1E3E /* CountriesListViewController.swift */,
				DA7129912271CF0500AA8EF4 /* CountryCell.swift */,
			);
			path = Main;
			sourceTree = "<group>";
		};
		DA02F0DD2271A3E4007E1E3E /* Networking */ = {
			isa = PBXGroup;
			children = (
				DA02F0E02271A712007E1E3E /* Models */,
				DA02F0DE2271A402007E1E3E /* RequestsHandler.swift */,
				DA7129932271F8C400AA8EF4 /* ImageLoader.swift */,
			);
			path = Networking;
			sourceTree = "<group>";
		};
		DA02F0E02271A712007E1E3E /* Models */ = {
			isa = PBXGroup;
			children = (
				DA02F0E12271A783007E1E3E /* Country.swift */,
				DA02F0E32271A82A007E1E3E /* Language.swift */,
				DA02F0E52271A86C007E1E3E /* Currency.swift */,
				DA13F1E32273029500DD4ACA /* Region.swift */,
			);
			path = Models;
			sourceTree = "<group>";
		};
		DA5AC7872278427C007FA544 /* Details */ = {
			isa = PBXGroup;
			children = (
				DA5AC78822784291007FA544 /* CountryDetailsViewController.swift */,
			);
			path = Details;
			sourceTree = "<group>";
		};
		DA5AC78A2278A922007FA544 /* Map */ = {
			isa = PBXGroup;
			children = (
				DA5AC78B2278A938007FA544 /* MapViewController.swift */,
			);
			path = Map;
			sourceTree = "<group>";
		};
/* End PBXGroup section */

/* Begin PBXNativeTarget section */
		DA02F0B92270BE8D007E1E3E /* Countries */ = {
			isa = PBXNativeTarget;
			buildConfigurationList = DA02F0CC2270BE8E007E1E3E /* Build configuration list for PBXNativeTarget "Countries" */;
			buildPhases = (
				D19CB11962474A470CC8DDC3 /* [CP] Check Pods Manifest.lock */,
				DA02F0B62270BE8D007E1E3E /* Sources */,
				DA02F0B72270BE8D007E1E3E /* Frameworks */,
				DA02F0B82270BE8D007E1E3E /* Resources */,
				38685F0EB6C4540A086BD525 /* [CP] Embed Pods Frameworks */,
			);
			buildRules = (
			);
			dependencies = (
			);
			name = Countries;
			productName = Countries;
			productReference = DA02F0BA2270BE8D007E1E3E /* Countries.app */;
			productType = "com.apple.product-type.application";
		};
/* End PBXNativeTarget section */

/* Begin PBXProject section */
		DA02F0B22270BE8D007E1E3E /* Project object */ = {
			isa = PBXProject;
			attributes = {
				LastSwiftUpdateCheck = 1020;
				LastUpgradeCheck = 1020;
				ORGANIZATIONNAME = "Piotr Kozłowski";
				TargetAttributes = {
					DA02F0B92270BE8D007E1E3E = {
						CreatedOnToolsVersion = 10.2.1;
					};
				};
			};
			buildConfigurationList = DA02F0B52270BE8D007E1E3E /* Build configuration list for PBXProject "Countries" */;
			compatibilityVersion = "Xcode 9.3";
			developmentRegion = en;
			hasScannedForEncodings = 0;
			knownRegions = (
				en,
				Base,
			);
			mainGroup = DA02F0B12270BE8D007E1E3E;
			productRefGroup = DA02F0BB2270BE8D007E1E3E /* Products */;
			projectDirPath = "";
			projectRoot = "";
			targets = (
				DA02F0B92270BE8D007E1E3E /* Countries */,
			);
		};
/* End PBXProject section */

/* Begin PBXResourcesBuildPhase section */
		DA02F0B82270BE8D007E1E3E /* Resources */ = {
			isa = PBXResourcesBuildPhase;
			buildActionMask = 2147483647;
			files = (
				DA02F0C82270BE8E007E1E3E /* LaunchScreen.storyboard in Resources */,
				DA13F1E6227335B400DD4ACA /* loader.json in Resources */,
				DA02F0C52270BE8E007E1E3E /* Assets.xcassets in Resources */,
			);
			runOnlyForDeploymentPostprocessing = 0;
		};
/* End PBXResourcesBuildPhase section */

/* Begin PBXShellScriptBuildPhase section */
		38685F0EB6C4540A086BD525 /* [CP] Embed Pods Frameworks */ = {
			isa = PBXShellScriptBuildPhase;
			buildActionMask = 2147483647;
			files = (
			);
			inputFileListPaths = (
			);
			inputPaths = (
				"${PODS_ROOT}/Target Support Files/Pods-Countries/Pods-Countries-frameworks.sh",
				"${BUILT_PRODUCTS_DIR}/lottie-ios/Lottie.framework",
			);
			name = "[CP] Embed Pods Frameworks";
			outputFileListPaths = (
			);
			outputPaths = (
				"${TARGET_BUILD_DIR}/${FRAMEWORKS_FOLDER_PATH}/Lottie.framework",
			);
			runOnlyForDeploymentPostprocessing = 0;
			shellPath = /bin/sh;
			shellScript = "\"${PODS_ROOT}/Target Support Files/Pods-Countries/Pods-Countries-frameworks.sh\"\n";
			showEnvVarsInLog = 0;
		};
		D19CB11962474A470CC8DDC3 /* [CP] Check Pods Manifest.lock */ = {
			isa = PBXShellScriptBuildPhase;
			buildActionMask = 2147483647;
			files = (
			);
			inputFileListPaths = (
			);
			inputPaths = (
				"${PODS_PODFILE_DIR_PATH}/Podfile.lock",
				"${PODS_ROOT}/Manifest.lock",
			);
			name = "[CP] Check Pods Manifest.lock";
			outputFileListPaths = (
			);
			outputPaths = (
				"$(DERIVED_FILE_DIR)/Pods-Countries-checkManifestLockResult.txt",
			);
			runOnlyForDeploymentPostprocessing = 0;
			shellPath = /bin/sh;
			shellScript = "diff \"${PODS_PODFILE_DIR_PATH}/Podfile.lock\" \"${PODS_ROOT}/Manifest.lock\" > /dev/null\nif [ $? != 0 ] ; then\n    # print error to STDERR\n    echo \"error: The sandbox is not in sync with the Podfile.lock. Run 'pod install' or update your CocoaPods installation.\" >&2\n    exit 1\nfi\n# This output is used by Xcode 'outputs' to avoid re-running this script phase.\necho \"SUCCESS\" > \"${SCRIPT_OUTPUT_FILE_0}\"\n";
			showEnvVarsInLog = 0;
		};
/* End PBXShellScriptBuildPhase section */

/* Begin PBXSourcesBuildPhase section */
		DA02F0B62270BE8D007E1E3E /* Sources */ = {
			isa = PBXSourcesBuildPhase;
			buildActionMask = 2147483647;
			files = (
				DA02F0DC227110A5007E1E3E /* CountriesListViewController.swift in Sources */,
				DA02F0E42271A82A007E1E3E /* Language.swift in Sources */,
				DA02F0E22271A783007E1E3E /* Country.swift in Sources */,
				DA02F0D722710C1D007E1E3E /* Contstants.swift in Sources */,
				DA02F0DF2271A402007E1E3E /* RequestsHandler.swift in Sources */,
				DA02F0C02270BE8D007E1E3E /* IntroViewController.swift in Sources */,
				DA02F0E62271A86C007E1E3E /* Currency.swift in Sources */,
				DA5AC78922784291007FA544 /* CountryDetailsViewController.swift in Sources */,
				DA02F0BE2270BE8D007E1E3E /* AppDelegate.swift in Sources */,
				DA7129922271CF0500AA8EF4 /* CountryCell.swift in Sources */,
				DA02F0D922710C90007E1E3E /* DefaultsRepository.swift in Sources */,
				DA02F0D32270C99C007E1E3E /* IntroPageModel.swift in Sources */,
				DA13F1E42273029500DD4ACA /* Region.swift in Sources */,
				DA02F0D52270CD54007E1E3E /* IntroPageCell.swift in Sources */,
				DA7129942271F8C400AA8EF4 /* ImageLoader.swift in Sources */,
				DA5AC78C2278A938007FA544 /* MapViewController.swift in Sources */,
			);
			runOnlyForDeploymentPostprocessing = 0;
		};
/* End PBXSourcesBuildPhase section */

/* Begin PBXVariantGroup section */
		DA02F0C62270BE8E007E1E3E /* LaunchScreen.storyboard */ = {
			isa = PBXVariantGroup;
			children = (
				DA02F0C72270BE8E007E1E3E /* Base */,
			);
			name = LaunchScreen.storyboard;
			sourceTree = "<group>";
		};
/* End PBXVariantGroup section */

/* Begin XCBuildConfiguration section */
		DA02F0CA2270BE8E007E1E3E /* Debug */ = {
			isa = XCBuildConfiguration;
			buildSettings = {
				ALWAYS_SEARCH_USER_PATHS = NO;
				CLANG_ANALYZER_NONNULL = YES;
				CLANG_ANALYZER_NUMBER_OBJECT_CONVERSION = YES_AGGRESSIVE;
				CLANG_CXX_LANGUAGE_STANDARD = "gnu++14";
				CLANG_CXX_LIBRARY = "libc++";
				CLANG_ENABLE_MODULES = YES;
				CLANG_ENABLE_OBJC_ARC = YES;
				CLANG_ENABLE_OBJC_WEAK = YES;
				CLANG_WARN_BLOCK_CAPTURE_AUTORELEASING = YES;
				CLANG_WARN_BOOL_CONVERSION = YES;
				CLANG_WARN_COMMA = YES;
				CLANG_WARN_CONSTANT_CONVERSION = YES;
				CLANG_WARN_DEPRECATED_OBJC_IMPLEMENTATIONS = YES;
				CLANG_WARN_DIRECT_OBJC_ISA_USAGE = YES_ERROR;
				CLANG_WARN_DOCUMENTATION_COMMENTS = YES;
				CLANG_WARN_EMPTY_BODY = YES;
				CLANG_WARN_ENUM_CONVERSION = YES;
				CLANG_WARN_INFINITE_RECURSION = YES;
				CLANG_WARN_INT_CONVERSION = YES;
				CLANG_WARN_NON_LITERAL_NULL_CONVERSION = YES;
				CLANG_WARN_OBJC_IMPLICIT_RETAIN_SELF = YES;
				CLANG_WARN_OBJC_LITERAL_CONVERSION = YES;
				CLANG_WARN_OBJC_ROOT_CLASS = YES_ERROR;
				CLANG_WARN_RANGE_LOOP_ANALYSIS = YES;
				CLANG_WARN_STRICT_PROTOTYPES = YES;
				CLANG_WARN_SUSPICIOUS_MOVE = YES;
				CLANG_WARN_UNGUARDED_AVAILABILITY = YES_AGGRESSIVE;
				CLANG_WARN_UNREACHABLE_CODE = YES;
				CLANG_WARN__DUPLICATE_METHOD_MATCH = YES;
				CODE_SIGN_IDENTITY = "iPhone Developer";
				COPY_PHASE_STRIP = NO;
				DEBUG_INFORMATION_FORMAT = dwarf;
				ENABLE_STRICT_OBJC_MSGSEND = YES;
				ENABLE_TESTABILITY = YES;
				GCC_C_LANGUAGE_STANDARD = gnu11;
				GCC_DYNAMIC_NO_PIC = NO;
				GCC_NO_COMMON_BLOCKS = YES;
				GCC_OPTIMIZATION_LEVEL = 0;
				GCC_PREPROCESSOR_DEFINITIONS = (
					"DEBUG=1",
					"$(inherited)",
				);
				GCC_WARN_64_TO_32_BIT_CONVERSION = YES;
				GCC_WARN_ABOUT_RETURN_TYPE = YES_ERROR;
				GCC_WARN_UNDECLARED_SELECTOR = YES;
				GCC_WARN_UNINITIALIZED_AUTOS = YES_AGGRESSIVE;
				GCC_WARN_UNUSED_FUNCTION = YES;
				GCC_WARN_UNUSED_VARIABLE = YES;
				IPHONEOS_DEPLOYMENT_TARGET = 12.2;
				MTL_ENABLE_DEBUG_INFO = INCLUDE_SOURCE;
				MTL_FAST_MATH = YES;
				ONLY_ACTIVE_ARCH = YES;
				SDKROOT = iphoneos;
				SWIFT_ACTIVE_COMPILATION_CONDITIONS = DEBUG;
				SWIFT_OPTIMIZATION_LEVEL = "-Onone";
			};
			name = Debug;
		};
		DA02F0CB2270BE8E007E1E3E /* Release */ = {
			isa = XCBuildConfiguration;
			buildSettings = {
				ALWAYS_SEARCH_USER_PATHS = NO;
				CLANG_ANALYZER_NONNULL = YES;
				CLANG_ANALYZER_NUMBER_OBJECT_CONVERSION = YES_AGGRESSIVE;
				CLANG_CXX_LANGUAGE_STANDARD = "gnu++14";
				CLANG_CXX_LIBRARY = "libc++";
				CLANG_ENABLE_MODULES = YES;
				CLANG_ENABLE_OBJC_ARC = YES;
				CLANG_ENABLE_OBJC_WEAK = YES;
				CLANG_WARN_BLOCK_CAPTURE_AUTORELEASING = YES;
				CLANG_WARN_BOOL_CONVERSION = YES;
				CLANG_WARN_COMMA = YES;
				CLANG_WARN_CONSTANT_CONVERSION = YES;
				CLANG_WARN_DEPRECATED_OBJC_IMPLEMENTATIONS = YES;
				CLANG_WARN_DIRECT_OBJC_ISA_USAGE = YES_ERROR;
				CLANG_WARN_DOCUMENTATION_COMMENTS = YES;
				CLANG_WARN_EMPTY_BODY = YES;
				CLANG_WARN_ENUM_CONVERSION = YES;
				CLANG_WARN_INFINITE_RECURSION = YES;
				CLANG_WARN_INT_CONVERSION = YES;
				CLANG_WARN_NON_LITERAL_NULL_CONVERSION = YES;
				CLANG_WARN_OBJC_IMPLICIT_RETAIN_SELF = YES;
				CLANG_WARN_OBJC_LITERAL_CONVERSION = YES;
				CLANG_WARN_OBJC_ROOT_CLASS = YES_ERROR;
				CLANG_WARN_RANGE_LOOP_ANALYSIS = YES;
				CLANG_WARN_STRICT_PROTOTYPES = YES;
				CLANG_WARN_SUSPICIOUS_MOVE = YES;
				CLANG_WARN_UNGUARDED_AVAILABILITY = YES_AGGRESSIVE;
				CLANG_WARN_UNREACHABLE_CODE = YES;
				CLANG_WARN__DUPLICATE_METHOD_MATCH = YES;
				CODE_SIGN_IDENTITY = "iPhone Developer";
				COPY_PHASE_STRIP = NO;
				DEBUG_INFORMATION_FORMAT = "dwarf-with-dsym";
				ENABLE_NS_ASSERTIONS = NO;
				ENABLE_STRICT_OBJC_MSGSEND = YES;
				GCC_C_LANGUAGE_STANDARD = gnu11;
				GCC_NO_COMMON_BLOCKS = YES;
				GCC_WARN_64_TO_32_BIT_CONVERSION = YES;
				GCC_WARN_ABOUT_RETURN_TYPE = YES_ERROR;
				GCC_WARN_UNDECLARED_SELECTOR = YES;
				GCC_WARN_UNINITIALIZED_AUTOS = YES_AGGRESSIVE;
				GCC_WARN_UNUSED_FUNCTION = YES;
				GCC_WARN_UNUSED_VARIABLE = YES;
				IPHONEOS_DEPLOYMENT_TARGET = 12.2;
				MTL_ENABLE_DEBUG_INFO = NO;
				MTL_FAST_MATH = YES;
				SDKROOT = iphoneos;
				SWIFT_COMPILATION_MODE = wholemodule;
				SWIFT_OPTIMIZATION_LEVEL = "-O";
				VALIDATE_PRODUCT = YES;
			};
			name = Release;
		};
		DA02F0CD2270BE8E007E1E3E /* Debug */ = {
			isa = XCBuildConfiguration;
			baseConfigurationReference = C52F60F57787DBA324317B9E /* Pods-Countries.debug.xcconfig */;
			buildSettings = {
				ASSETCATALOG_COMPILER_APPICON_NAME = AppIcon;
				CODE_SIGN_STYLE = Manual;
				DEVELOPMENT_TEAM = "";
				INFOPLIST_FILE = Countries/Info.plist;
				LD_RUNPATH_SEARCH_PATHS = (
					"$(inherited)",
					"@executable_path/Frameworks",
				);
				PRODUCT_BUNDLE_IDENTIFIER = com.jothaen.Countries;
				PRODUCT_NAME = "$(TARGET_NAME)";
				PROVISIONING_PROFILE_SPECIFIER = "";
				SWIFT_VERSION = 5.0;
				TARGETED_DEVICE_FAMILY = "1,2";
			};
			name = Debug;
		};
		DA02F0CE2270BE8E007E1E3E /* Release */ = {
			isa = XCBuildConfiguration;
			baseConfigurationReference = DD3A2CE9770FB2D61D626237 /* Pods-Countries.release.xcconfig */;
			buildSettings = {
				ASSETCATALOG_COMPILER_APPICON_NAME = AppIcon;
				CODE_SIGN_STYLE = Manual;
				DEVELOPMENT_TEAM = "";
				INFOPLIST_FILE = Countries/Info.plist;
				LD_RUNPATH_SEARCH_PATHS = (
					"$(inherited)",
					"@executable_path/Frameworks",
				);
				PRODUCT_BUNDLE_IDENTIFIER = com.jothaen.Countries;
				PRODUCT_NAME = "$(TARGET_NAME)";
				PROVISIONING_PROFILE_SPECIFIER = "";
				SWIFT_VERSION = 5.0;
				TARGETED_DEVICE_FAMILY = "1,2";
			};
			name = Release;
		};
/* End XCBuildConfiguration section */

/* Begin XCConfigurationList section */
		DA02F0B52270BE8D007E1E3E /* Build configuration list for PBXProject "Countries" */ = {
			isa = XCConfigurationList;
			buildConfigurations = (
				DA02F0CA2270BE8E007E1E3E /* Debug */,
				DA02F0CB2270BE8E007E1E3E /* Release */,
			);
			defaultConfigurationIsVisible = 0;
			defaultConfigurationName = Release;
		};
		DA02F0CC2270BE8E007E1E3E /* Build configuration list for PBXNativeTarget "Countries" */ = {
			isa = XCConfigurationList;
			buildConfigurations = (
				DA02F0CD2270BE8E007E1E3E /* Debug */,
				DA02F0CE2270BE8E007E1E3E /* Release */,
			);
			defaultConfigurationIsVisible = 0;
			defaultConfigurationName = Release;
		};
/* End XCConfigurationList section */
	};
	rootObject = DA02F0B22270BE8D007E1E3E /* Project object */;
}
